{
  "version": 4,
  "terraform_version": "1.2.7",
  "serial": 14,
  "lineage": "ade11fad-f207-fd59-14f8-fa4f99f5eed3",
  "outputs": {},
  "resources": [
    {
      "module": "module.ec2",
      "mode": "managed",
      "type": "aws_eip",
      "name": "eip",
      "provider": "provider[\"registry.terraform.io/hashicorp/aws\"]",
      "instances": [
        {
          "schema_version": 0,
          "attributes": {
            "address": null,
            "allocation_id": "eipalloc-02887de5d7321ead8",
            "associate_with_private_ip": null,
            "association_id": "eipassoc-0e454d63471ddcce8",
            "carrier_ip": "",
            "customer_owned_ip": "",
            "customer_owned_ipv4_pool": "",
            "domain": "vpc",
            "id": "eipalloc-02887de5d7321ead8",
            "instance": "i-0bd0b235e5209f6aa",
            "network_border_group": "us-east-1",
            "network_interface": "eni-06fa0269802dbc092",
            "private_dns": "ip-10-123-2-74.ec2.internal",
            "private_ip": "10.123.2.74",
            "public_dns": "ec2-50-16-109-95.compute-1.amazonaws.com",
            "public_ip": "50.16.109.95",
            "public_ipv4_pool": "amazon",
            "tags": null,
            "tags_all": {},
            "timeouts": null,
            "vpc": true
          },
          "sensitive_attributes": [],
          "private": "eyJlMmJmYjczMC1lY2FhLTExZTYtOGY4OC0zNDM2M2JjN2M0YzAiOnsiZGVsZXRlIjoxODAwMDAwMDAwMDAsInJlYWQiOjkwMDAwMDAwMDAwMCwidXBkYXRlIjozMDAwMDAwMDAwMDB9fQ==",
          "dependencies": [
            "module.ec2.aws_instance.node",
            "module.ec2.aws_key_pair.key_pair",
            "module.network.aws_security_group.sg",
            "module.network.aws_subnet.publicsubnet"
          ]
        }
      ]
    },
    {
      "module": "module.ec2",
      "mode": "managed",
      "type": "aws_instance",
      "name": "node",
      "provider": "provider[\"registry.terraform.io/hashicorp/aws\"]",
      "instances": [
        {
          "schema_version": 1,
          "attributes": {
            "ami": "ami-052efd3df9dad4825",
            "arn": "arn:aws:ec2:us-east-1:520735509544:instance/i-0bd0b235e5209f6aa",
            "associate_public_ip_address": true,
            "availability_zone": "us-east-1a",
            "capacity_reservation_specification": [
              {
                "capacity_reservation_preference": "open",
                "capacity_reservation_target": []
              }
            ],
            "cpu_core_count": 1,
            "cpu_threads_per_core": 1,
            "credit_specification": [
              {
                "cpu_credits": "standard"
              }
            ],
            "disable_api_stop": false,
            "disable_api_termination": false,
            "ebs_block_device": [],
            "ebs_optimized": false,
            "enclave_options": [
              {
                "enabled": false
              }
            ],
            "ephemeral_block_device": [],
            "get_password_data": false,
            "hibernation": false,
            "host_id": null,
            "iam_instance_profile": "",
            "id": "i-0bd0b235e5209f6aa",
            "instance_initiated_shutdown_behavior": "stop",
            "instance_state": "running",
            "instance_type": "t2.micro",
            "ipv6_address_count": 0,
            "ipv6_addresses": [],
            "key_name": "key",
            "launch_template": [],
            "maintenance_options": [
              {
                "auto_recovery": "default"
              }
            ],
            "metadata_options": [
              {
                "http_endpoint": "enabled",
                "http_put_response_hop_limit": 1,
                "http_tokens": "optional",
                "instance_metadata_tags": "disabled"
              }
            ],
            "monitoring": false,
            "network_interface": [],
            "outpost_arn": "",
            "password_data": "",
            "placement_group": "",
            "placement_partition_number": null,
            "primary_network_interface_id": "eni-06fa0269802dbc092",
            "private_dns": "ip-10-123-2-74.ec2.internal",
            "private_dns_name_options": [
              {
                "enable_resource_name_dns_a_record": false,
                "enable_resource_name_dns_aaaa_record": false,
                "hostname_type": "ip-name"
              }
            ],
            "private_ip": "10.123.2.74",
            "public_dns": "ec2-18-212-214-191.compute-1.amazonaws.com",
            "public_ip": "18.212.214.191",
            "root_block_device": [
              {
                "delete_on_termination": true,
                "device_name": "/dev/sda1",
                "encrypted": false,
                "iops": 100,
                "kms_key_id": "",
                "tags": null,
                "throughput": 0,
                "volume_id": "vol-0e25d8fb25f35f1e8",
                "volume_size": 10,
                "volume_type": "gp2"
              }
            ],
            "secondary_private_ips": [],
            "security_groups": [],
            "source_dest_check": true,
            "subnet_id": "subnet-06e6cfe1c5f11f4f4",
            "tags": {
              "Name": "TF Generated EC2"
            },
            "tags_all": {
              "Name": "TF Generated EC2"
            },
            "tenancy": "default",
            "timeouts": null,
            "user_data": "cfc313b27a542edff8b2a5a919f84a990283c31c",
            "user_data_base64": null,
            "user_data_replace_on_change": false,
            "volume_tags": null,
            "vpc_security_group_ids": [
              "sg-08dbaa037bed5ade0"
            ]
          },
          "sensitive_attributes": [],
          "private": "eyJlMmJmYjczMC1lY2FhLTExZTYtOGY4OC0zNDM2M2JjN2M0YzAiOnsiY3JlYXRlIjo2MDAwMDAwMDAwMDAsImRlbGV0ZSI6MTIwMDAwMDAwMDAwMCwidXBkYXRlIjo2MDAwMDAwMDAwMDB9LCJzY2hlbWFfdmVyc2lvbiI6IjEifQ==",
          "dependencies": [
            "module.ec2.aws_key_pair.key_pair",
            "module.network.aws_security_group.sg",
            "module.network.aws_subnet.publicsubnet"
          ]
        }
      ]
    },
    {
      "module": "module.ec2",
      "mode": "managed",
      "type": "aws_key_pair",
      "name": "key_pair",
      "provider": "provider[\"registry.terraform.io/hashicorp/aws\"]",
      "instances": [
        {
          "schema_version": 1,
          "attributes": {
            "arn": "arn:aws:ec2:us-east-1:520735509544:key-pair/key",
            "fingerprint": "55:61:b5:3c:e9:b5:96:05:21:0f:2f:3d:61:e2:ee:0b",
            "id": "key",
            "key_name": "key",
            "key_name_prefix": "",
            "key_pair_id": "key-0521cfa7b879ef414",
            "key_type": "rsa",
            "public_key": "ssh-rsa AAAAB3NzaC1yc2EAAAADAQABAAACAQDvJvonBAmbp6DRPHSkVhcKTtuw9tKWYR7KDIkSR2XvUH7//0reA1dIfawSK2KdxeOYm2PgCVD4weERuP/RzDQ6p+EsjBXgCnokmXftmnWWAwKrtbg2rLIjKYXg9y7N0t42ytmniX3Xnjq2TFziBeQyJAjTDdHsC3cR/5lAfRa7CdQ0DcLbRDn7RTxtV6d9ZwOeGVHJcXrRZPZk27mkAi7qM8rbLJlcBJtR65QkGgfq3FSiObxafQf2P9qrh7gy2TvbWGUNFQd+rwCm5tjUC/UVzDpYDX5zpSGXaqqipKNcBwN4+7bY5WpJE/IAunWVYZC6bTUmxaR2DAnR12ffEnjoD6EW3sN/rv4gJO8s3LSD+7FVeRtW/irp2TUYUMsDAtE9a9nckke9BKOb3cBG8iruSmNqcTAmo6j0MPvI5KDfflCQqrMNjmwGUP+4d7fXELQFtHkyLy1FELa+bF9WNoxCpY3bkwgnGZFYlUIhSeywO8mUWXzPx+zoLFS+AoxJZj6n1jwql7HAlUdGWIpSi+P6cawk6ieyAKEsjt2C41AeynKANAJDiskeh0AzNAfaROgJQ/8eRDNcFB+k9GowytgA9M5WQ433EX/h4pvC8/PhBi4TBP0Eolf5NN7v5JCXghnG/Ycg2Ooxh7UkJ8H2f5XYOaKlnlymdbIAs/xoh4ZBxw==",
            "tags": {},
            "tags_all": {}
          },
          "sensitive_attributes": [],
          "private": "eyJzY2hlbWFfdmVyc2lvbiI6IjEifQ==",
          "dependencies": [
            "module.ec2.tls_private_key.key"
          ]
        }
      ]
    },
    {
      "module": "module.ec2",
      "mode": "managed",
      "type": "tls_private_key",
      "name": "key",
      "provider": "provider[\"registry.terraform.io/hashicorp/tls\"]",
      "instances": [
        {
          "schema_version": 1,
          "attributes": {
            "algorithm": "RSA",
            "ecdsa_curve": "P224",
            "id": "ad3e8988586c786113e2384416b77920bccceded",
            "private_key_openssh": "-----BEGIN OPENSSH PRIVATE KEY-----\nb3BlbnNzaC1rZXktdjEAAAAABG5vbmUAAAAEbm9uZQAAAAAAAAABAAACFwAAAAdz\nc2gtcnNhAAAAAwEAAQAAAgEA7yb6JwQJm6eg0Tx0pFYXCk7bsPbSlmEeygyJEkdl\n71B+//9K3gNXSH2sEitincXjmJtj4AlQ+MHhEbj/0cw0OqfhLIwV4Ap6JJl37Zp1\nlgMCq7W4NqyyIymF4PcuzdLeNsrZp4l91546tkxc4gXkMiQI0w3R7At3Ef+ZQH0W\nuwnUNA3C20Q5+0U8bVenfWcDnhlRyXF60WT2ZNu5pAIu6jPK2yyZXASbUeuUJBoH\n6txUojm8Wn0H9j/aq4e4Mtk721hlDRUHfq8ApubY1Av1Fcw6WA1+c6Uhl2qqoqSj\nXAcDePu22OVqSRPyALp1lWGQum01JsWkdgwJ0ddn3xJ46A+hFt7Df67+ICTvLNy0\ng/uxVXkbVv4q6dk1GFDLAwLRPWvZ3JJHvQSjm93ARvIq7kpjanEwJqOo9DD7yOSg\n335QkKqzDY5sBlD/uHe31xC0BbR5Mi8tRRC2vmxfVjaMQqWN25MIJxmRWJVCIUns\nsDvJlFl8z8fs6CxUvgKMSWY+p9Y8KpexwJVHRliKUovj+nGsJOonsgChLI7dguNQ\nHspygDQCQ4rJHodAMzQH2kToCUP/HkQzXBQfpPRqMMrYAPTOVkON9xF/4eKbwvPz\n4QYuEwT9BKJX+TTe7+SQl4IZxv2HINjqMYe1JCfB9n+V2DmipZ5cpnWyALP8aIeG\nQccAAAc4sWsp3rFrKd4AAAAHc3NoLXJzYQAAAgEA7yb6JwQJm6eg0Tx0pFYXCk7b\nsPbSlmEeygyJEkdl71B+//9K3gNXSH2sEitincXjmJtj4AlQ+MHhEbj/0cw0Oqfh\nLIwV4Ap6JJl37Zp1lgMCq7W4NqyyIymF4PcuzdLeNsrZp4l91546tkxc4gXkMiQI\n0w3R7At3Ef+ZQH0WuwnUNA3C20Q5+0U8bVenfWcDnhlRyXF60WT2ZNu5pAIu6jPK\n2yyZXASbUeuUJBoH6txUojm8Wn0H9j/aq4e4Mtk721hlDRUHfq8ApubY1Av1Fcw6\nWA1+c6Uhl2qqoqSjXAcDePu22OVqSRPyALp1lWGQum01JsWkdgwJ0ddn3xJ46A+h\nFt7Df67+ICTvLNy0g/uxVXkbVv4q6dk1GFDLAwLRPWvZ3JJHvQSjm93ARvIq7kpj\nanEwJqOo9DD7yOSg335QkKqzDY5sBlD/uHe31xC0BbR5Mi8tRRC2vmxfVjaMQqWN\n25MIJxmRWJVCIUnssDvJlFl8z8fs6CxUvgKMSWY+p9Y8KpexwJVHRliKUovj+nGs\nJOonsgChLI7dguNQHspygDQCQ4rJHodAMzQH2kToCUP/HkQzXBQfpPRqMMrYAPTO\nVkON9xF/4eKbwvPz4QYuEwT9BKJX+TTe7+SQl4IZxv2HINjqMYe1JCfB9n+V2Dmi\npZ5cpnWyALP8aIeGQccAAAADAQABAAACAQDdbMI6M5PNyaOtdwMsUQVeJutj6vPK\nBjwiqP6UrQSlUmt0DOQ9sOw0kx8pZ4AUQm/bESyk9xtAZwpDhX1eu2o0UNG8lCuA\n11KF5o5SsStj7H+hikv4W2dIBR8Ozu5H5ZCXPLPPWg7o/3iu5v8synWhMxn0h5ww\np+DkCjrTqb3NCWmvlHow1/ezPUSYnIrYIfQIgrrl/6rOi2NSuNomD1tuvut4iM+p\nkh5Y9/yefHeOLdgyp7BMO+2OQ0rsfGnAsr+n9C0Dss/QrKm23pAtrLCMMR5n/n5x\nBpiWgE1i73rNLzU45B5Ergz9gnkT0ZAi8kW1Rn3q2x3NqpHA92cV9B16PSUzIZxJ\nUnx1qFK3iPuY7vWNqn7rnZtaXxWfTLcGO/ZGKOn/4uW3qctyiLVbLzXQSlfIGZvQ\nj2M6hPuy1BwIcmCFE8jBZLbNYQmFZdkp7jzI/pcs12T6No0xao88UNjdUWa/p6Qe\nyfX3IksFp1cCfNzCrbmrcV7M7K0FaYIH803fyms3Sy2nrZdO2R1uYzu4k2MrKUXy\nY0658PNuDklVAgBUMK9ajoolOXVRA0bwhadXAV6L8k0s3rKnynU+cbSWMFzdmq9W\n2lvwBEdxQ81ceMRRNhFVTA2RoT9vOa+8BHhCNT5mHhxsJO3Gk7uZfAFUK5uijEAg\nrL7eescMeKrHwQAAAQEApRTX8nkOwicxtSPN8/39u0LisAw4BQarNiJ0jK+TwpBW\n/bYQf7t7b5cAG8yYInmp8HmftkJcGNzBzgu39F4BQNnT2A9ZKQ31bCVq7ii9cUBN\nMZOOUxuJfV4gapCj0jXv4n+ehLEtaF8ezEfHj7+bF64ELoF8MgDeg/kZ0krwmMLj\nuS161a27Zv5q/1YR8oIaV2C1g8PNaplmCvR7oyOdRgSnHlO8aQZjyrROqk4PEptR\nMHvaUCax/mci2OmcBRBdxaaNK3PrKXsOlupIZnAQCpyVfKqGwaAV97HxP9pYhzD6\n9Ij419vCEFm3O/NMHoYtLjrVYY2HltlCA20SnPti+gAAAQEA+B+8XCpAQOe0u7qc\ngfi3IJB6NatvyR5KRY9thWTyvcupf4GA7MrqSq1rwLUFU8PXrhbmPj2yJ1h++kb4\nlugFK6OQElyIZmf/g6uxzXhJK2NonVdrvvl1AYHUrE9IjlECFONisclNEYhI92j7\nxtopbNGs4vRdSSW9up+d1i5VEXBH+erd83oHRana4y9+mCcGMKxSj+CVHDP5bXRr\nflepkED82pDtGn/MUuY3lXD+TqZ+UnPGXoLxU5PpZumCuEtABM5U7ANx/F0eyWfT\nJC9SQFWxuTNedQTvjvfBzKJ5satnqDunn4HmBu0o1IT+La2vh1kH5YydtUkwVwHP\njm6aYQAAAQEA9r5WP/V/v5tExDxFv46NeQYQTseCNDj38ceekzoBbFxw0iysATNA\nT45GRUSEGAwA/xBFxRytYqbHBIixZ6+YGvCTK/vtLRPeRG/w2PDgZBCwArlrFE+R\nA4kSgY5+typp7jY4M79btlhuYpnq8paeGPNKY/bL8ulHXOVTlTa7vuRGRHQFtytW\ndNWVnLMEpwzfvKChzbt8HdQoQnw8oKqp+aAnTQYuIr1Z1X/YgdIW6zuJVDOUejUU\njkzrU8zg2xierQQVx8Ks+DL3JGTMS7EZUDJ/ECnggq2OVpH1xTW74jmzVG59M1ab\nrqQl9rICq66e3VAd5taWJBEHpBlpWMfdJwAAAAAB\n-----END OPENSSH PRIVATE KEY-----\n",
            "private_key_pem": "-----BEGIN RSA PRIVATE KEY-----\nMIIJKwIBAAKCAgEA7yb6JwQJm6eg0Tx0pFYXCk7bsPbSlmEeygyJEkdl71B+//9K\n3gNXSH2sEitincXjmJtj4AlQ+MHhEbj/0cw0OqfhLIwV4Ap6JJl37Zp1lgMCq7W4\nNqyyIymF4PcuzdLeNsrZp4l91546tkxc4gXkMiQI0w3R7At3Ef+ZQH0WuwnUNA3C\n20Q5+0U8bVenfWcDnhlRyXF60WT2ZNu5pAIu6jPK2yyZXASbUeuUJBoH6txUojm8\nWn0H9j/aq4e4Mtk721hlDRUHfq8ApubY1Av1Fcw6WA1+c6Uhl2qqoqSjXAcDePu2\n2OVqSRPyALp1lWGQum01JsWkdgwJ0ddn3xJ46A+hFt7Df67+ICTvLNy0g/uxVXkb\nVv4q6dk1GFDLAwLRPWvZ3JJHvQSjm93ARvIq7kpjanEwJqOo9DD7yOSg335QkKqz\nDY5sBlD/uHe31xC0BbR5Mi8tRRC2vmxfVjaMQqWN25MIJxmRWJVCIUnssDvJlFl8\nz8fs6CxUvgKMSWY+p9Y8KpexwJVHRliKUovj+nGsJOonsgChLI7dguNQHspygDQC\nQ4rJHodAMzQH2kToCUP/HkQzXBQfpPRqMMrYAPTOVkON9xF/4eKbwvPz4QYuEwT9\nBKJX+TTe7+SQl4IZxv2HINjqMYe1JCfB9n+V2DmipZ5cpnWyALP8aIeGQccCAwEA\nAQKCAgEA3WzCOjOTzcmjrXcDLFEFXibrY+rzygY8Iqj+lK0EpVJrdAzkPbDsNJMf\nKWeAFEJv2xEspPcbQGcKQ4V9XrtqNFDRvJQrgNdSheaOUrErY+x/oYpL+FtnSAUf\nDs7uR+WQlzyzz1oO6P94rub/LMp1oTMZ9IecMKfg5Ao606m9zQlpr5R6MNf3sz1E\nmJyK2CH0CIK65f+qzotjUrjaJg9bbr7reIjPqZIeWPf8nnx3ji3YMqewTDvtjkNK\n7HxpwLK/p/QtA7LP0Kyptt6QLaywjDEeZ/5+cQaYloBNYu96zS81OOQeRK4M/YJ5\nE9GQIvJFtUZ96tsdzaqRwPdnFfQdej0lMyGcSVJ8dahSt4j7mO71jap+652bWl8V\nn0y3Bjv2Rijp/+Llt6nLcoi1Wy810EpXyBmb0I9jOoT7stQcCHJghRPIwWS2zWEJ\nhWXZKe48yP6XLNdk+jaNMWqPPFDY3VFmv6ekHsn19yJLBadXAnzcwq25q3FezOyt\nBWmCB/NN38prN0stp62XTtkdbmM7uJNjKylF8mNOufDzbg5JVQIAVDCvWo6KJTl1\nUQNG8IWnVwFei/JNLN6yp8p1PnG0ljBc3ZqvVtpb8ARHcUPNXHjEUTYRVUwNkaE/\nbzmvvAR4QjU+Zh4cbCTtxpO7mXwBVCubooxAIKy+3nrHDHiqx8ECggEBAPgfvFwq\nQEDntLu6nIH4tyCQejWrb8keSkWPbYVk8r3LqX+BgOzK6kqta8C1BVPD164W5j49\nsidYfvpG+JboBSujkBJciGZn/4Orsc14SStjaJ1Xa775dQGB1KxPSI5RAhTjYrHJ\nTRGISPdo+8baKWzRrOL0XUklvbqfndYuVRFwR/nq3fN6B0Wp2uMvfpgnBjCsUo/g\nlRwz+W10a35XqZBA/NqQ7Rp/zFLmN5Vw/k6mflJzxl6C8VOT6WbpgrhLQATOVOwD\ncfxdHsln0yQvUkBVsbkzXnUE7473wcyiebGrZ6g7p5+B5gbtKNSE/i2tr4dZB+WM\nnbVJMFcBz45ummECggEBAPa+Vj/1f7+bRMQ8Rb+OjXkGEE7HgjQ49/HHnpM6AWxc\ncNIsrAEzQE+ORkVEhBgMAP8QRcUcrWKmxwSIsWevmBrwkyv77S0T3kRv8Njw4GQQ\nsAK5axRPkQOJEoGOfrcqae42ODO/W7ZYbmKZ6vKWnhjzSmP2y/LpR1zlU5U2u77k\nRkR0BbcrVnTVlZyzBKcM37ygoc27fB3UKEJ8PKCqqfmgJ00GLiK9WdV/2IHSFus7\niVQzlHo1FI5M61PM4NsYnq0EFcfCrPgy9yRkzEuxGVAyfxAp4IKtjlaR9cU1u+I5\ns1RufTNWm66kJfayAquunt1QHebWliQRB6QZaVjH3ScCggEBAPKfdbxZxEKzT9NS\nAsBEyC0bmaTpYoGzEMU8HsgVkhdtEu0PYVYqhTdIpNjnKbJjCn+8/J9YDODUdDWf\nOG23q3aklbieqvIYN441UcOtHz9CEYXpef5gR72VirSDQluHcxWh01wtjyLZtR/Y\nlHo50dAKp5e1g5KHSSM3+Ur6O0y2Emua8jWm2X2RPexxAMUfQ7pMht8RqDzPxdL1\nyDbe2XupUJcYqAEFfnKBk1CaENIvk85kT1ETkY88TzrGk4BKdOs+J2QxakBvfi9L\nSvdTHoayRPrn9DFRBj8ynVrQdVb6WH3090/N4XRca1SER1e7QqyCrmoUOhKO4qnx\np1eLZ4ECggEBAKr+IrV2Q46cYp5/inKCrsYFDr4ZgsEADcvPY7RxyVS4BzOP4699\nPf8kAMy1+7jScMpSE5fTFNE99MPOmurZBFb/C266ypWnpCvXS5h77XVLHz70EiHk\nNgG2N03zWxtCWGDN0EsEPOF0DSNluS1edbeiupXmDVaMlXjqL+9DG/7hIVUE9oUG\nkoarEWCjqwC9ajvFMfxqBkyBn1jb0gQh4WNtum6lbsmCYUQUsgzddCaWfsgMasP6\nDwHCin7rh5QuTqBmKVXjMo1afG0LMYzu8TTjmayw6LaG4hJaWnDNmSPgisdjPn6a\ncY8okGqS2Ejz3YJPqDk10pyx9JKjTZ9J+pcCggEBAKUU1/J5DsInMbUjzfP9/btC\n4rAMOAUGqzYidIyvk8KQVv22EH+7e2+XABvMmCJ5qfB5n7ZCXBjcwc4Lt/ReAUDZ\n09gPWSkN9Wwlau4ovXFATTGTjlMbiX1eIGqQo9I17+J/noSxLWhfHsxHx4+/mxeu\nBC6BfDIA3oP5GdJK8JjC47ktetWtu2b+av9WEfKCGldgtYPDzWqZZgr0e6MjnUYE\npx5TvGkGY8q0TqpODxKbUTB72lAmsf5nItjpnAUQXcWmjStz6yl7DpbqSGZwEAqc\nlXyqhsGgFfex8T/aWIcw+vSI+NfbwhBZtzvzTB6GLS461WGNh5bZQgNtEpz7Yvo=\n-----END RSA PRIVATE KEY-----\n",
            "private_key_pem_pkcs8": "-----BEGIN PRIVATE KEY-----\nMIIJRQIBADANBgkqhkiG9w0BAQEFAASCCS8wggkrAgEAAoICAQDvJvonBAmbp6DR\nPHSkVhcKTtuw9tKWYR7KDIkSR2XvUH7//0reA1dIfawSK2KdxeOYm2PgCVD4weER\nuP/RzDQ6p+EsjBXgCnokmXftmnWWAwKrtbg2rLIjKYXg9y7N0t42ytmniX3Xnjq2\nTFziBeQyJAjTDdHsC3cR/5lAfRa7CdQ0DcLbRDn7RTxtV6d9ZwOeGVHJcXrRZPZk\n27mkAi7qM8rbLJlcBJtR65QkGgfq3FSiObxafQf2P9qrh7gy2TvbWGUNFQd+rwCm\n5tjUC/UVzDpYDX5zpSGXaqqipKNcBwN4+7bY5WpJE/IAunWVYZC6bTUmxaR2DAnR\n12ffEnjoD6EW3sN/rv4gJO8s3LSD+7FVeRtW/irp2TUYUMsDAtE9a9nckke9BKOb\n3cBG8iruSmNqcTAmo6j0MPvI5KDfflCQqrMNjmwGUP+4d7fXELQFtHkyLy1FELa+\nbF9WNoxCpY3bkwgnGZFYlUIhSeywO8mUWXzPx+zoLFS+AoxJZj6n1jwql7HAlUdG\nWIpSi+P6cawk6ieyAKEsjt2C41AeynKANAJDiskeh0AzNAfaROgJQ/8eRDNcFB+k\n9GowytgA9M5WQ433EX/h4pvC8/PhBi4TBP0Eolf5NN7v5JCXghnG/Ycg2Ooxh7Uk\nJ8H2f5XYOaKlnlymdbIAs/xoh4ZBxwIDAQABAoICAQDdbMI6M5PNyaOtdwMsUQVe\nJutj6vPKBjwiqP6UrQSlUmt0DOQ9sOw0kx8pZ4AUQm/bESyk9xtAZwpDhX1eu2o0\nUNG8lCuA11KF5o5SsStj7H+hikv4W2dIBR8Ozu5H5ZCXPLPPWg7o/3iu5v8synWh\nMxn0h5wwp+DkCjrTqb3NCWmvlHow1/ezPUSYnIrYIfQIgrrl/6rOi2NSuNomD1tu\nvut4iM+pkh5Y9/yefHeOLdgyp7BMO+2OQ0rsfGnAsr+n9C0Dss/QrKm23pAtrLCM\nMR5n/n5xBpiWgE1i73rNLzU45B5Ergz9gnkT0ZAi8kW1Rn3q2x3NqpHA92cV9B16\nPSUzIZxJUnx1qFK3iPuY7vWNqn7rnZtaXxWfTLcGO/ZGKOn/4uW3qctyiLVbLzXQ\nSlfIGZvQj2M6hPuy1BwIcmCFE8jBZLbNYQmFZdkp7jzI/pcs12T6No0xao88UNjd\nUWa/p6QeyfX3IksFp1cCfNzCrbmrcV7M7K0FaYIH803fyms3Sy2nrZdO2R1uYzu4\nk2MrKUXyY0658PNuDklVAgBUMK9ajoolOXVRA0bwhadXAV6L8k0s3rKnynU+cbSW\nMFzdmq9W2lvwBEdxQ81ceMRRNhFVTA2RoT9vOa+8BHhCNT5mHhxsJO3Gk7uZfAFU\nK5uijEAgrL7eescMeKrHwQKCAQEA+B+8XCpAQOe0u7qcgfi3IJB6NatvyR5KRY9t\nhWTyvcupf4GA7MrqSq1rwLUFU8PXrhbmPj2yJ1h++kb4lugFK6OQElyIZmf/g6ux\nzXhJK2NonVdrvvl1AYHUrE9IjlECFONisclNEYhI92j7xtopbNGs4vRdSSW9up+d\n1i5VEXBH+erd83oHRana4y9+mCcGMKxSj+CVHDP5bXRrflepkED82pDtGn/MUuY3\nlXD+TqZ+UnPGXoLxU5PpZumCuEtABM5U7ANx/F0eyWfTJC9SQFWxuTNedQTvjvfB\nzKJ5satnqDunn4HmBu0o1IT+La2vh1kH5YydtUkwVwHPjm6aYQKCAQEA9r5WP/V/\nv5tExDxFv46NeQYQTseCNDj38ceekzoBbFxw0iysATNAT45GRUSEGAwA/xBFxRyt\nYqbHBIixZ6+YGvCTK/vtLRPeRG/w2PDgZBCwArlrFE+RA4kSgY5+typp7jY4M79b\ntlhuYpnq8paeGPNKY/bL8ulHXOVTlTa7vuRGRHQFtytWdNWVnLMEpwzfvKChzbt8\nHdQoQnw8oKqp+aAnTQYuIr1Z1X/YgdIW6zuJVDOUejUUjkzrU8zg2xierQQVx8Ks\n+DL3JGTMS7EZUDJ/ECnggq2OVpH1xTW74jmzVG59M1abrqQl9rICq66e3VAd5taW\nJBEHpBlpWMfdJwKCAQEA8p91vFnEQrNP01ICwETILRuZpOligbMQxTweyBWSF20S\n7Q9hViqFN0ik2OcpsmMKf7z8n1gM4NR0NZ84bberdqSVuJ6q8hg3jjVRw60fP0IR\nhel5/mBHvZWKtINCW4dzFaHTXC2PItm1H9iUejnR0Aqnl7WDkodJIzf5Svo7TLYS\na5ryNabZfZE97HEAxR9DukyG3xGoPM/F0vXINt7Ze6lQlxioAQV+coGTUJoQ0i+T\nzmRPURORjzxPOsaTgEp06z4nZDFqQG9+L0tK91MehrJE+uf0MVEGPzKdWtB1VvpY\nffT3T83hdFxrVIRHV7tCrIKuahQ6Eo7iqfGnV4tngQKCAQEAqv4itXZDjpxinn+K\ncoKuxgUOvhmCwQANy89jtHHJVLgHM4/jr309/yQAzLX7uNJwylITl9MU0T30w86a\n6tkEVv8LbrrKlaekK9dLmHvtdUsfPvQSIeQ2AbY3TfNbG0JYYM3QSwQ84XQNI2W5\nLV51t6K6leYNVoyVeOov70Mb/uEhVQT2hQaShqsRYKOrAL1qO8Ux/GoGTIGfWNvS\nBCHhY226bqVuyYJhRBSyDN10JpZ+yAxqw/oPAcKKfuuHlC5OoGYpVeMyjVp8bQsx\njO7xNOOZrLDotobiElpacM2ZI+CKx2M+fppxjyiQapLYSPPdgk+oOTXSnLH0kqNN\nn0n6lwKCAQEApRTX8nkOwicxtSPN8/39u0LisAw4BQarNiJ0jK+TwpBW/bYQf7t7\nb5cAG8yYInmp8HmftkJcGNzBzgu39F4BQNnT2A9ZKQ31bCVq7ii9cUBNMZOOUxuJ\nfV4gapCj0jXv4n+ehLEtaF8ezEfHj7+bF64ELoF8MgDeg/kZ0krwmMLjuS161a27\nZv5q/1YR8oIaV2C1g8PNaplmCvR7oyOdRgSnHlO8aQZjyrROqk4PEptRMHvaUCax\n/mci2OmcBRBdxaaNK3PrKXsOlupIZnAQCpyVfKqGwaAV97HxP9pYhzD69Ij419vC\nEFm3O/NMHoYtLjrVYY2HltlCA20SnPti+g==\n-----END PRIVATE KEY-----\n",
            "public_key_fingerprint_md5": "ed:d4:ad:3a:be:2c:5e:d4:f6:b5:9a:a4:42:62:17:b8",
            "public_key_fingerprint_sha256": "SHA256:KHU+FQDdxHROEEvglZLkQojKNdlNNwfLg2N97uduvI4",
            "public_key_openssh": "ssh-rsa AAAAB3NzaC1yc2EAAAADAQABAAACAQDvJvonBAmbp6DRPHSkVhcKTtuw9tKWYR7KDIkSR2XvUH7//0reA1dIfawSK2KdxeOYm2PgCVD4weERuP/RzDQ6p+EsjBXgCnokmXftmnWWAwKrtbg2rLIjKYXg9y7N0t42ytmniX3Xnjq2TFziBeQyJAjTDdHsC3cR/5lAfRa7CdQ0DcLbRDn7RTxtV6d9ZwOeGVHJcXrRZPZk27mkAi7qM8rbLJlcBJtR65QkGgfq3FSiObxafQf2P9qrh7gy2TvbWGUNFQd+rwCm5tjUC/UVzDpYDX5zpSGXaqqipKNcBwN4+7bY5WpJE/IAunWVYZC6bTUmxaR2DAnR12ffEnjoD6EW3sN/rv4gJO8s3LSD+7FVeRtW/irp2TUYUMsDAtE9a9nckke9BKOb3cBG8iruSmNqcTAmo6j0MPvI5KDfflCQqrMNjmwGUP+4d7fXELQFtHkyLy1FELa+bF9WNoxCpY3bkwgnGZFYlUIhSeywO8mUWXzPx+zoLFS+AoxJZj6n1jwql7HAlUdGWIpSi+P6cawk6ieyAKEsjt2C41AeynKANAJDiskeh0AzNAfaROgJQ/8eRDNcFB+k9GowytgA9M5WQ433EX/h4pvC8/PhBi4TBP0Eolf5NN7v5JCXghnG/Ycg2Ooxh7UkJ8H2f5XYOaKlnlymdbIAs/xoh4ZBxw==\n",
            "public_key_pem": "-----BEGIN PUBLIC KEY-----\nMIICIjANBgkqhkiG9w0BAQEFAAOCAg8AMIICCgKCAgEA7yb6JwQJm6eg0Tx0pFYX\nCk7bsPbSlmEeygyJEkdl71B+//9K3gNXSH2sEitincXjmJtj4AlQ+MHhEbj/0cw0\nOqfhLIwV4Ap6JJl37Zp1lgMCq7W4NqyyIymF4PcuzdLeNsrZp4l91546tkxc4gXk\nMiQI0w3R7At3Ef+ZQH0WuwnUNA3C20Q5+0U8bVenfWcDnhlRyXF60WT2ZNu5pAIu\n6jPK2yyZXASbUeuUJBoH6txUojm8Wn0H9j/aq4e4Mtk721hlDRUHfq8ApubY1Av1\nFcw6WA1+c6Uhl2qqoqSjXAcDePu22OVqSRPyALp1lWGQum01JsWkdgwJ0ddn3xJ4\n6A+hFt7Df67+ICTvLNy0g/uxVXkbVv4q6dk1GFDLAwLRPWvZ3JJHvQSjm93ARvIq\n7kpjanEwJqOo9DD7yOSg335QkKqzDY5sBlD/uHe31xC0BbR5Mi8tRRC2vmxfVjaM\nQqWN25MIJxmRWJVCIUnssDvJlFl8z8fs6CxUvgKMSWY+p9Y8KpexwJVHRliKUovj\n+nGsJOonsgChLI7dguNQHspygDQCQ4rJHodAMzQH2kToCUP/HkQzXBQfpPRqMMrY\nAPTOVkON9xF/4eKbwvPz4QYuEwT9BKJX+TTe7+SQl4IZxv2HINjqMYe1JCfB9n+V\n2DmipZ5cpnWyALP8aIeGQccCAwEAAQ==\n-----END PUBLIC KEY-----\n",
            "rsa_bits": 4096
          },
          "sensitive_attributes": []
        }
      ]
    },
    {
      "module": "module.network",
      "mode": "data",
      "type": "aws_availability_zones",
      "name": "available",
      "provider": "provider[\"registry.terraform.io/hashicorp/aws\"]",
      "instances": [
        {
          "schema_version": 0,
          "attributes": {
            "all_availability_zones": null,
            "exclude_names": null,
            "exclude_zone_ids": null,
            "filter": null,
            "group_names": [
              "us-east-1"
            ],
            "id": "us-east-1",
            "names": [
              "us-east-1a",
              "us-east-1b",
              "us-east-1c",
              "us-east-1d",
              "us-east-1e",
              "us-east-1f"
            ],
            "state": "available",
            "timeouts": null,
            "zone_ids": [
              "use1-az4",
              "use1-az6",
              "use1-az1",
              "use1-az2",
              "use1-az3",
              "use1-az5"
            ]
          },
          "sensitive_attributes": []
        }
      ]
    },
    {
      "module": "module.network",
      "mode": "managed",
      "type": "aws_internet_gateway",
      "name": "igw",
      "provider": "provider[\"registry.terraform.io/hashicorp/aws\"]",
      "instances": [
        {
          "schema_version": 0,
          "attributes": {
            "arn": "arn:aws:ec2:us-east-1:520735509544:internet-gateway/igw-018ea04a1486d614b",
            "id": "igw-018ea04a1486d614b",
            "owner_id": "520735509544",
            "tags": {
              "Name": "IGW"
            },
            "tags_all": {
              "Name": "IGW"
            },
            "timeouts": null,
            "vpc_id": "vpc-04091a866c1f33de7"
          },
          "sensitive_attributes": [],
          "private": "eyJlMmJmYjczMC1lY2FhLTExZTYtOGY4OC0zNDM2M2JjN2M0YzAiOnsiY3JlYXRlIjoxMjAwMDAwMDAwMDAwLCJkZWxldGUiOjEyMDAwMDAwMDAwMDAsInVwZGF0ZSI6MTIwMDAwMDAwMDAwMH19",
          "dependencies": [
            "module.network.aws_vpc.vpc"
          ]
        }
      ]
    },
    {
      "module": "module.network",
      "mode": "managed",
      "type": "aws_route",
      "name": "default_route",
      "provider": "provider[\"registry.terraform.io/hashicorp/aws\"]",
      "instances": [
        {
          "schema_version": 0,
          "attributes": {
            "carrier_gateway_id": "",
            "core_network_arn": "",
            "destination_cidr_block": "0.0.0.0/0",
            "destination_ipv6_cidr_block": "",
            "destination_prefix_list_id": "",
            "egress_only_gateway_id": "",
            "gateway_id": "igw-018ea04a1486d614b",
            "id": "r-rtb-015a5fbca806f8b301080289494",
            "instance_id": "",
            "instance_owner_id": "",
            "local_gateway_id": "",
            "nat_gateway_id": "",
            "network_interface_id": "",
            "origin": "CreateRoute",
            "route_table_id": "rtb-015a5fbca806f8b30",
            "state": "active",
            "timeouts": null,
            "transit_gateway_id": "",
            "vpc_endpoint_id": "",
            "vpc_peering_connection_id": ""
          },
          "sensitive_attributes": [],
          "private": "eyJlMmJmYjczMC1lY2FhLTExZTYtOGY4OC0zNDM2M2JjN2M0YzAiOnsiY3JlYXRlIjozMDAwMDAwMDAwMDAsImRlbGV0ZSI6MzAwMDAwMDAwMDAwLCJ1cGRhdGUiOjEyMDAwMDAwMDAwMH19",
          "dependencies": [
            "module.network.aws_internet_gateway.igw",
            "module.network.aws_route_table.public_rt",
            "module.network.aws_vpc.vpc"
          ]
        }
      ]
    },
    {
      "module": "module.network",
      "mode": "managed",
      "type": "aws_route_table",
      "name": "public_rt",
      "provider": "provider[\"registry.terraform.io/hashicorp/aws\"]",
      "instances": [
        {
          "schema_version": 0,
          "attributes": {
            "arn": "arn:aws:ec2:us-east-1:520735509544:route-table/rtb-015a5fbca806f8b30",
            "id": "rtb-015a5fbca806f8b30",
            "owner_id": "520735509544",
            "propagating_vgws": [],
            "route": [
              {
                "carrier_gateway_id": "",
                "cidr_block": "0.0.0.0/0",
                "core_network_arn": "",
                "destination_prefix_list_id": "",
                "egress_only_gateway_id": "",
                "gateway_id": "igw-018ea04a1486d614b",
                "instance_id": "",
                "ipv6_cidr_block": "",
                "local_gateway_id": "",
                "nat_gateway_id": "",
                "network_interface_id": "",
                "transit_gateway_id": "",
                "vpc_endpoint_id": "",
                "vpc_peering_connection_id": ""
              }
            ],
            "tags": {
              "Name": "Public RT"
            },
            "tags_all": {
              "Name": "Public RT"
            },
            "timeouts": null,
            "vpc_id": "vpc-04091a866c1f33de7"
          },
          "sensitive_attributes": [],
          "private": "eyJlMmJmYjczMC1lY2FhLTExZTYtOGY4OC0zNDM2M2JjN2M0YzAiOnsiY3JlYXRlIjozMDAwMDAwMDAwMDAsImRlbGV0ZSI6MzAwMDAwMDAwMDAwLCJ1cGRhdGUiOjEyMDAwMDAwMDAwMH19",
          "dependencies": [
            "module.network.aws_vpc.vpc"
          ]
        }
      ]
    },
    {
      "module": "module.network",
      "mode": "managed",
      "type": "aws_route_table_association",
      "name": "public_assoc",
      "provider": "provider[\"registry.terraform.io/hashicorp/aws\"]",
      "instances": [
        {
          "schema_version": 0,
          "attributes": {
            "gateway_id": "",
            "id": "rtbassoc-01762e82727a46637",
            "route_table_id": "rtb-015a5fbca806f8b30",
            "subnet_id": "subnet-06e6cfe1c5f11f4f4"
          },
          "sensitive_attributes": [],
          "private": "bnVsbA==",
          "dependencies": [
            "module.network.aws_route_table.public_rt",
            "module.network.aws_subnet.publicsubnet",
            "module.network.aws_vpc.vpc",
            "module.network.data.aws_availability_zones.available"
          ]
        }
      ]
    },
    {
      "module": "module.network",
      "mode": "managed",
      "type": "aws_security_group",
      "name": "sg",
      "provider": "provider[\"registry.terraform.io/hashicorp/aws\"]",
      "instances": [
        {
          "index_key": "public",
          "schema_version": 1,
          "attributes": {
            "arn": "arn:aws:ec2:us-east-1:520735509544:security-group/sg-08dbaa037bed5ade0",
            "description": "Security group for Public Access",
            "egress": [
              {
                "cidr_blocks": [
                  "0.0.0.0/0"
                ],
                "description": "",
                "from_port": 0,
                "ipv6_cidr_blocks": [],
                "prefix_list_ids": [],
                "protocol": "-1",
                "security_groups": [],
                "self": false,
                "to_port": 0
              }
            ],
            "id": "sg-08dbaa037bed5ade0",
            "ingress": [
              {
                "cidr_blocks": [
                  "0.0.0.0/0"
                ],
                "description": "",
                "from_port": 22,
                "ipv6_cidr_blocks": [],
                "prefix_list_ids": [],
                "protocol": "tcp",
                "security_groups": [],
                "self": false,
                "to_port": 22
              },
              {
                "cidr_blocks": [
                  "0.0.0.0/0"
                ],
                "description": "",
                "from_port": 443,
                "ipv6_cidr_blocks": [],
                "prefix_list_ids": [],
                "protocol": "tcp",
                "security_groups": [],
                "self": false,
                "to_port": 443
              },
              {
                "cidr_blocks": [
                  "0.0.0.0/0"
                ],
                "description": "",
                "from_port": 80,
                "ipv6_cidr_blocks": [],
                "prefix_list_ids": [],
                "protocol": "tcp",
                "security_groups": [],
                "self": false,
                "to_port": 80
              }
            ],
            "name": "public_sg",
            "name_prefix": "",
            "owner_id": "520735509544",
            "revoke_rules_on_delete": false,
            "tags": {},
            "tags_all": {},
            "timeouts": null,
            "vpc_id": "vpc-04091a866c1f33de7"
          },
          "sensitive_attributes": [],
          "private": "eyJlMmJmYjczMC1lY2FhLTExZTYtOGY4OC0zNDM2M2JjN2M0YzAiOnsiY3JlYXRlIjo2MDAwMDAwMDAwMDAsImRlbGV0ZSI6OTAwMDAwMDAwMDAwfSwic2NoZW1hX3ZlcnNpb24iOiIxIn0=",
          "dependencies": [
            "module.network.aws_vpc.vpc"
          ]
        }
      ]
    },
    {
      "module": "module.network",
      "mode": "managed",
      "type": "aws_subnet",
      "name": "publicsubnet",
      "provider": "provider[\"registry.terraform.io/hashicorp/aws\"]",
      "instances": [
        {
          "schema_version": 1,
          "attributes": {
            "arn": "arn:aws:ec2:us-east-1:520735509544:subnet/subnet-06e6cfe1c5f11f4f4",
            "assign_ipv6_address_on_creation": false,
            "availability_zone": "us-east-1a",
            "availability_zone_id": "use1-az4",
            "cidr_block": "10.123.2.0/24",
            "customer_owned_ipv4_pool": "",
            "enable_dns64": false,
            "enable_resource_name_dns_a_record_on_launch": false,
            "enable_resource_name_dns_aaaa_record_on_launch": false,
            "id": "subnet-06e6cfe1c5f11f4f4",
            "ipv6_cidr_block": "",
            "ipv6_cidr_block_association_id": "",
            "ipv6_native": false,
            "map_customer_owned_ip_on_launch": false,
            "map_public_ip_on_launch": true,
            "outpost_arn": "",
            "owner_id": "520735509544",
            "private_dns_hostname_type_on_launch": "ip-name",
            "tags": {
              "Name": "Public Subnet"
            },
            "tags_all": {
              "Name": "Public Subnet"
            },
            "timeouts": null,
            "vpc_id": "vpc-04091a866c1f33de7"
          },
          "sensitive_attributes": [],
          "private": "eyJlMmJmYjczMC1lY2FhLTExZTYtOGY4OC0zNDM2M2JjN2M0YzAiOnsiY3JlYXRlIjo2MDAwMDAwMDAwMDAsImRlbGV0ZSI6MTIwMDAwMDAwMDAwMH0sInNjaGVtYV92ZXJzaW9uIjoiMSJ9",
          "dependencies": [
            "module.network.aws_vpc.vpc",
            "module.network.data.aws_availability_zones.available"
          ]
        }
      ]
    },
    {
      "module": "module.network",
      "mode": "managed",
      "type": "aws_vpc",
      "name": "vpc",
      "provider": "provider[\"registry.terraform.io/hashicorp/aws\"]",
      "instances": [
        {
          "schema_version": 1,
          "attributes": {
            "arn": "arn:aws:ec2:us-east-1:520735509544:vpc/vpc-04091a866c1f33de7",
            "assign_generated_ipv6_cidr_block": false,
            "cidr_block": "10.123.0.0/16",
            "default_network_acl_id": "acl-0aefd0d18bcc6613a",
            "default_route_table_id": "rtb-02e7e72dd986565b1",
            "default_security_group_id": "sg-08fea922a998f2605",
            "dhcp_options_id": "dopt-05bc9e23e2b06ec3c",
            "enable_classiclink": false,
            "enable_classiclink_dns_support": false,
            "enable_dns_hostnames": true,
            "enable_dns_support": true,
            "id": "vpc-04091a866c1f33de7",
            "instance_tenancy": "default",
            "ipv4_ipam_pool_id": null,
            "ipv4_netmask_length": null,
            "ipv6_association_id": "",
            "ipv6_cidr_block": "",
            "ipv6_cidr_block_network_border_group": "",
            "ipv6_ipam_pool_id": "",
            "ipv6_netmask_length": 0,
            "main_route_table_id": "rtb-02e7e72dd986565b1",
            "owner_id": "520735509544",
            "tags": {
              "Name": "VPC"
            },
            "tags_all": {
              "Name": "VPC"
            }
          },
          "sensitive_attributes": [],
          "private": "eyJzY2hlbWFfdmVyc2lvbiI6IjEifQ==",
          "create_before_destroy": true
        }
      ]
    }
  ]
}
